
Microsoft Visual Studio Solution File, Format Version 12.00
# Visual Studio Version 16
VisualStudioVersion = 16.0.30503.244
MinimumVisualStudioVersion = 10.0.40219.1
Project("{FAE04EC0-301F-11D3-BF4B-00C04F79EFBC}") = "TinyTools", "TinyTools.csproj", "{14852DE3-0B0F-4F26-A8EF-C3668AECEB7F}"
EndProject
Global
	GlobalSection(SolutionConfigurationPlatforms) = preSolution
		Debug|Any CPU = Debug|Any CPU
		Release|Any CPU = Release|Any CPU
	EndGlobalSection
	GlobalSection(ProjectConfigurationPlatforms) = postSolution
		{14852DE3-0B0F-4F26-A8EF-C3668AECEB7F}.Debug|Any CPU.ActiveCfg = Debug|Any CPU
		{14852DE3-0B0F-4F26-A8EF-C3668AECEB7F}.Debug|Any CPU.Build.0 = Debug|Any CPU
		{14852DE3-0B0F-4F26-A8EF-C3668AECEB7F}.Release|Any CPU.ActiveCfg = Release|Any CPU
		{14852DE3-0B0F-4F26-A8EF-C3668AECEB7F}.Release|Any CPU.Build.0 = Release|Any CPU
	EndGlobalSection
	GlobalSection(SolutionProperties) = preSolution
		HideSolutionNode = FALSE
	EndGlobalSection
	GlobalSection(ExtensibilityGlobals) = postSolution
		SolutionGuid = {1ED1234D-AAA2-42C3-A601-F92249D9FB7E}
	EndGlobalSection
EndGlobal
